
Microsoft Visual Studio Solution File, Format Version 11.00
# Visual Studio 2010
Project("{FAE04EC0-301F-11D3-BF4B-00C04F79EFBC}") = "MediaMind.Course", "MediaMind.Course\MediaMind.Course.csproj", "{EC88B0C6-63FD-4491-886D-520D70EBEADD}"
EndProject
Global
	GlobalSection(SolutionConfigurationPlatforms) = preSolution
		Debug|Any CPU = Debug|Any CPU
		Release|Any CPU = Release|Any CPU
	EndGlobalSection
	GlobalSection(ProjectConfigurationPlatforms) = postSolution
		{EC88B0C6-63FD-4491-886D-520D70EBEADD}.Debug|Any CPU.ActiveCfg = Debug|Any CPU
		{EC88B0C6-63FD-4491-886D-520D70EBEADD}.Debug|Any CPU.Build.0 = Debug|Any CPU
		{EC88B0C6-63FD-4491-886D-520D70EBEADD}.Release|Any CPU.ActiveCfg = Release|Any CPU
		{EC88B0C6-63FD-4491-886D-520D70EBEADD}.Release|Any CPU.Build.0 = Release|Any CPU
	EndGlobalSection
	GlobalSection(SolutionProperties) = preSolution
		HideSolutionNode = FALSE
	EndGlobalSection
EndGlobal
